// !$*UTF8*$!
{
	archiveVersion = 1;
	classes = {
	};
	objectVersion = 56;
	objects = {

/* Begin PBXBuildFile section */
		9CA235D32B4CD6A800C641C2 /* NewNotesApp.swift in Sources */ = {isa = PBXBuildFile; fileRef = 9CA235D22B4CD6A800C641C2 /* NewNotesApp.swift */; };
		9CA235D52B4CD6A800C641C2 /* ContentView.swift in Sources */ = {isa = PBXBuildFile; fileRef = 9CA235D42B4CD6A800C641C2 /* ContentView.swift */; };
		9CA235D72B4CD6A900C641C2 /* Assets.xcassets in Resources */ = {isa = PBXBuildFile; fileRef = 9CA235D62B4CD6A900C641C2 /* Assets.xcassets */; };
		9CA235DA2B4CD6A900C641C2 /* Preview Assets.xcassets in Resources */ = {isa = PBXBuildFile; fileRef = 9CA235D92B4CD6A900C641C2 /* Preview Assets.xcassets */; };
		9CA235E42B4CD6A900C641C2 /* NewNotesTests.swift in Sources */ = {isa = PBXBuildFile; fileRef = 9CA235E32B4CD6A900C641C2 /* NewNotesTests.swift */; };
		9CA235EE2B4CD6A900C641C2 /* NewNotesUITests.swift in Sources */ = {isa = PBXBuildFile; fileRef = 9CA235ED2B4CD6A900C641C2 /* NewNotesUITests.swift */; };
		9CA235F02B4CD6A900C641C2 /* NewNotesUITestsLaunchTests.swift in Sources */ = {isa = PBXBuildFile; fileRef = 9CA235EF2B4CD6A900C641C2 /* NewNotesUITestsLaunchTests.swift */; };
/* End PBXBuildFile section */

/* Begin PBXContainerItemProxy section */
		9CA235E02B4CD6A900C641C2 /* PBXContainerItemProxy */ = {
			isa = PBXContainerItemProxy;
			containerPortal = 9CA235C72B4CD6A800C641C2 /* Project object */;
			proxyType = 1;
			remoteGlobalIDString = 9CA235CE2B4CD6A800C641C2;
			remoteInfo = NewNotes;
		};
		9CA235EA2B4CD6A900C641C2 /* PBXContainerItemProxy */ = {
			isa = PBXContainerItemProxy;
			containerPortal = 9CA235C72B4CD6A800C641C2 /* Project object */;
			proxyType = 1;
			remoteGlobalIDString = 9CA235CE2B4CD6A800C641C2;
			remoteInfo = NewNotes;
		};
/* End PBXContainerItemProxy section */

/* Begin PBXFileReference section */
		9CA235CF2B4CD6A800C641C2 /* NewNotes.app */ = {isa = PBXFileReference; explicitFileType = wrapper.application; includeInIndex = 0; path = NewNotes.app; sourceTree = BUILT_PRODUCTS_DIR; };
		9CA235D22B4CD6A800C641C2 /* NewNotesApp.swift */ = {isa = PBXFileReference; lastKnownFileType = sourcecode.swift; path = NewNotesApp.swift; sourceTree = "<group>"; };
		9CA235D42B4CD6A800C641C2 /* ContentView.swift */ = {isa = PBXFileReference; lastKnownFileType = sourcecode.swift; path = ContentView.swift; sourceTree = "<group>"; };
		9CA235D62B4CD6A900C641C2 /* Assets.xcassets */ = {isa = PBXFileReference; lastKnownFileType = folder.assetcatalog; path = Assets.xcassets; sourceTree = "<group>"; };
		9CA235D92B4CD6A900C641C2 /* Preview Assets.xcassets */ = {isa = PBXFileReference; lastKnownFileType = folder.assetcatalog; path = "Preview Assets.xcassets"; sourceTree = "<group>"; };
		9CA235DF2B4CD6A900C641C2 /* NewNotesTests.xctest */ = {isa = PBXFileReference; explicitFileType = wrapper.cfbundle; includeInIndex = 0; path = NewNotesTests.xctest; sourceTree = BUILT_PRODUCTS_DIR; };
		9CA235E32B4CD6A900C641C2 /* NewNotesTests.swift */ = {isa = PBXFileReference; lastKnownFileType = sourcecode.swift; path = NewNotesTests.swift; sourceTree = "<group>"; };
		9CA235E92B4CD6A900C641C2 /* NewNotesUITests.xctest */ = {isa = PBXFileReference; explicitFileType = wrapper.cfbundle; includeInIndex = 0; path = NewNotesUITests.xctest; sourceTree = BUILT_PRODUCTS_DIR; };
		9CA235ED2B4CD6A900C641C2 /* NewNotesUITests.swift */ = {isa = PBXFileReference; lastKnownFileType = sourcecode.swift; path = NewNotesUITests.swift; sourceTree = "<group>"; };
		9CA235EF2B4CD6A900C641C2 /* NewNotesUITestsLaunchTests.swift */ = {isa = PBXFileReference; lastKnownFileType = sourcecode.swift; path = NewNotesUITestsLaunchTests.swift; sourceTree = "<group>"; };
/* End PBXFileReference section */

/* Begin PBXFrameworksBuildPhase section */
		9CA235CC2B4CD6A800C641C2 /* Frameworks */ = {
			isa = PBXFrameworksBuildPhase;
			buildActionMask = 2147483647;
			files = (
			);
			runOnlyForDeploymentPostprocessing = 0;
		};
		9CA235DC2B4CD6A900C641C2 /* Frameworks */ = {
			isa = PBXFrameworksBuildPhase;
			buildActionMask = 2147483647;
			files = (
			);
			runOnlyForDeploymentPostprocessing = 0;
		};
		9CA235E62B4CD6A900C641C2 /* Frameworks */ = {
			isa = PBXFrameworksBuildPhase;
			buildActionMask = 2147483647;
			files = (
			);
			runOnlyForDeploymentPostprocessing = 0;
		};
/* End PBXFrameworksBuildPhase section */

/* Begin PBXGroup section */
		9CA235C62B4CD6A800C641C2 = {
			isa = PBXGroup;
			children = (
				9CA235D12B4CD6A800C641C2 /* NewNotes */,
				9CA235E22B4CD6A900C641C2 /* NewNotesTests */,
				9CA235EC2B4CD6A900C641C2 /* NewNotesUITests */,
				9CA235D02B4CD6A800C641C2 /* Products */,
			);
			sourceTree = "<group>";
		};
		9CA235D02B4CD6A800C641C2 /* Products */ = {
			isa = PBXGroup;
			children = (
				9CA235CF2B4CD6A800C641C2 /* NewNotes.app */,
				9CA235DF2B4CD6A900C641C2 /* NewNotesTests.xctest */,
				9CA235E92B4CD6A900C641C2 /* NewNotesUITests.xctest */,
			);
			name = Products;
			sourceTree = "<group>";
		};
		9CA235D12B4CD6A800C641C2 /* NewNotes */ = {
			isa = PBXGroup;
			children = (
				9CA235D22B4CD6A800C641C2 /* NewNotesApp.swift */,
				9CA235D42B4CD6A800C641C2 /* ContentView.swift */,
				9CA235D62B4CD6A900C641C2 /* Assets.xcassets */,
				9CA235D82B4CD6A900C641C2 /* Preview Content */,
			);
			path = NewNotes;
			sourceTree = "<group>";
		};
		9CA235D82B4CD6A900C641C2 /* Preview Content */ = {
			isa = PBXGroup;
			children = (
				9CA235D92B4CD6A900C641C2 /* Preview Assets.xcassets */,
			);
			path = "Preview Content";
			sourceTree = "<group>";
		};
		9CA235E22B4CD6A900C641C2 /* NewNotesTests */ = {
			isa = PBXGroup;
			children = (
				9CA235E32B4CD6A900C641C2 /* NewNotesTests.swift */,
			);
			path = NewNotesTests;
			sourceTree = "<group>";
		};
		9CA235EC2B4CD6A900C641C2 /* NewNotesUITests */ = {
			isa = PBXGroup;
			children = (
				9CA235ED2B4CD6A900C641C2 /* NewNotesUITests.swift */,
				9CA235EF2B4CD6A900C641C2 /* NewNotesUITestsLaunchTests.swift */,
			);
			path = NewNotesUITests;
			sourceTree = "<group>";
		};
/* End PBXGroup section */

/* Begin PBXNativeTarget section */
		9CA235CE2B4CD6A800C641C2 /* NewNotes */ = {
			isa = PBXNativeTarget;
			buildConfigurationList = 9CA235F32B4CD6A900C641C2 /* Build configuration list for PBXNativeTarget "NewNotes" */;
			buildPhases = (
				9CA235CB2B4CD6A800C641C2 /* Sources */,
				9CA235CC2B4CD6A800C641C2 /* Frameworks */,
				9CA235CD2B4CD6A800C641C2 /* Resources */,
			);
			buildRules = (
			);
			dependencies = (
			);
			name = NewNotes;
			productName = NewNotes;
			productReference = 9CA235CF2B4CD6A800C641C2 /* NewNotes.app */;
			productType = "com.apple.product-type.application";
		};
		9CA235DE2B4CD6A900C641C2 /* NewNotesTests */ = {
			isa = PBXNativeTarget;
			buildConfigurationList = 9CA235F62B4CD6A900C641C2 /* Build configuration list for PBXNativeTarget "NewNotesTests" */;
			buildPhases = (
				9CA235DB2B4CD6A900C641C2 /* Sources */,
				9CA235DC2B4CD6A900C641C2 /* Frameworks */,
				9CA235DD2B4CD6A900C641C2 /* Resources */,
			);
			buildRules = (
			);
			dependencies = (
				9CA235E12B4CD6A900C641C2 /* PBXTargetDependency */,
			);
			name = NewNotesTests;
			productName = NewNotesTests;
			productReference = 9CA235DF2B4CD6A900C641C2 /* NewNotesTests.xctest */;
			productType = "com.apple.product-type.bundle.unit-test";
		};
		9CA235E82B4CD6A900C641C2 /* NewNotesUITests */ = {
			isa = PBXNativeTarget;
			buildConfigurationList = 9CA235F92B4CD6A900C641C2 /* Build configuration list for PBXNativeTarget "NewNotesUITests" */;
			buildPhases = (
				9CA235E52B4CD6A900C641C2 /* Sources */,
				9CA235E62B4CD6A900C641C2 /* Frameworks */,
				9CA235E72B4CD6A900C641C2 /* Resources */,
			);
			buildRules = (
			);
			dependencies = (
				9CA235EB2B4CD6A900C641C2 /* PBXTargetDependency */,
			);
			name = NewNotesUITests;
			productName = NewNotesUITests;
			productReference = 9CA235E92B4CD6A900C641C2 /* NewNotesUITests.xctest */;
			productType = "com.apple.product-type.bundle.ui-testing";
		};
/* End PBXNativeTarget section */

/* Begin PBXProject section */
		9CA235C72B4CD6A800C641C2 /* Project object */ = {
			isa = PBXProject;
			attributes = {
				BuildIndependentTargetsInParallel = 1;
				LastSwiftUpdateCheck = 1510;
				LastUpgradeCheck = 1510;
				TargetAttributes = {
					9CA235CE2B4CD6A800C641C2 = {
						CreatedOnToolsVersion = 15.1;
					};
					9CA235DE2B4CD6A900C641C2 = {
						CreatedOnToolsVersion = 15.1;
						TestTargetID = 9CA235CE2B4CD6A800C641C2;
					};
					9CA235E82B4CD6A900C641C2 = {
						CreatedOnToolsVersion = 15.1;
						TestTargetID = 9CA235CE2B4CD6A800C641C2;
					};
				};
			};
			buildConfigurationList = 9CA235CA2B4CD6A800C641C2 /* Build configuration list for PBXProject "NewNotes" */;
			compatibilityVersion = "Xcode 14.0";
			developmentRegion = en;
			hasScannedForEncodings = 0;
			knownRegions = (
				en,
				Base,
			);
			mainGroup = 9CA235C62B4CD6A800C641C2;
			productRefGroup = 9CA235D02B4CD6A800C641C2 /* Products */;
			projectDirPath = "";
			projectRoot = "";
			targets = (
				9CA235CE2B4CD6A800C641C2 /* NewNotes */,
				9CA235DE2B4CD6A900C641C2 /* NewNotesTests */,
				9CA235E82B4CD6A900C641C2 /* NewNotesUITests */,
			);
		};
/* End PBXProject section */

/* Begin PBXResourcesBuildPhase section */
		9CA235CD2B4CD6A800C641C2 /* Resources */ = {
			isa = PBXResourcesBuildPhase;
			buildActionMask = 2147483647;
			files = (
				9CA235DA2B4CD6A900C641C2 /* Preview Assets.xcassets in Resources */,
				9CA235D72B4CD6A900C641C2 /* Assets.xcassets in Resources */,
			);
			runOnlyForDeploymentPostprocessing = 0;
		};
		9CA235DD2B4CD6A900C641C2 /* Resources */ = {
			isa = PBXResourcesBuildPhase;
			buildActionMask = 2147483647;
			files = (
			);
			runOnlyForDeploymentPostprocessing = 0;
		};
		9CA235E72B4CD6A900C641C2 /* Resources */ = {
			isa = PBXResourcesBuildPhase;
			buildActionMask = 2147483647;
			files = (
			);
			runOnlyForDeploymentPostprocessing = 0;
		};
/* End PBXResourcesBuildPhase section */

/* Begin PBXSourcesBuildPhase section */
		9CA235CB2B4CD6A800C641C2 /* Sources */ = {
			isa = PBXSourcesBuildPhase;
			buildActionMask = 2147483647;
			files = (
				9CA235D52B4CD6A800C641C2 /* ContentView.swift in Sources */,
				9CA235D32B4CD6A800C641C2 /* NewNotesApp.swift in Sources */,
			);
			runOnlyForDeploymentPostprocessing = 0;
		};
		9CA235DB2B4CD6A900C641C2 /* Sources */ = {
			isa = PBXSourcesBuildPhase;
			buildActionMask = 2147483647;
			files = (
				9CA235E42B4CD6A900C641C2 /* NewNotesTests.swift in Sources */,
			);
			runOnlyForDeploymentPostprocessing = 0;
		};
		9CA235E52B4CD6A900C641C2 /* Sources */ = {
			isa = PBXSourcesBuildPhase;
			buildActionMask = 2147483647;
			files = (
				9CA235F02B4CD6A900C641C2 /* NewNotesUITestsLaunchTests.swift in Sources */,
				9CA235EE2B4CD6A900C641C2 /* NewNotesUITests.swift in Sources */,
			);
			runOnlyForDeploymentPostprocessing = 0;
		};
/* End PBXSourcesBuildPhase section */

/* Begin PBXTargetDependency section */
		9CA235E12B4CD6A900C641C2 /* PBXTargetDependency */ = {
			isa = PBXTargetDependency;
			target = 9CA235CE2B4CD6A800C641C2 /* NewNotes */;
			targetProxy = 9CA235E02B4CD6A900C641C2 /* PBXContainerItemProxy */;
		};
		9CA235EB2B4CD6A900C641C2 /* PBXTargetDependency */ = {
			isa = PBXTargetDependency;
			target = 9CA235CE2B4CD6A800C641C2 /* NewNotes */;
			targetProxy = 9CA235EA2B4CD6A900C641C2 /* PBXContainerItemProxy */;
		};
/* End PBXTargetDependency section */

/* Begin XCBuildConfiguration section */
		9CA235F12B4CD6A900C641C2 /* Debug */ = {
			isa = XCBuildConfiguration;
			buildSettings = {
				ALWAYS_SEARCH_USER_PATHS = NO;
				ASSETCATALOG_COMPILER_GENERATE_SWIFT_ASSET_SYMBOL_EXTENSIONS = YES;
				CLANG_ANALYZER_NONNULL = YES;
				CLANG_ANALYZER_NUMBER_OBJECT_CONVERSION = YES_AGGRESSIVE;
				CLANG_CXX_LANGUAGE_STANDARD = "gnu++20";
				CLANG_ENABLE_MODULES = YES;
				CLANG_ENABLE_OBJC_ARC = YES;
				CLANG_ENABLE_OBJC_WEAK = YES;
				CLANG_WARN_BLOCK_CAPTURE_AUTORELEASING = YES;
				CLANG_WARN_BOOL_CONVERSION = YES;
				CLANG_WARN_COMMA = YES;
				CLANG_WARN_CONSTANT_CONVERSION = YES;
				CLANG_WARN_DEPRECATED_OBJC_IMPLEMENTATIONS = YES;
				CLANG_WARN_DIRECT_OBJC_ISA_USAGE = YES_ERROR;
				CLANG_WARN_DOCUMENTATION_COMMENTS = YES;
				CLANG_WARN_EMPTY_BODY = YES;
				CLANG_WARN_ENUM_CONVERSION = YES;
				CLANG_WARN_INFINITE_RECURSION = YES;
				CLANG_WARN_INT_CONVERSION = YES;
				CLANG_WARN_NON_LITERAL_NULL_CONVERSION = YES;
				CLANG_WARN_OBJC_IMPLICIT_RETAIN_SELF = YES;
				CLANG_WARN_OBJC_LITERAL_CONVERSION = YES;
				CLANG_WARN_OBJC_ROOT_CLASS = YES_ERROR;
				CLANG_WARN_QUOTED_INCLUDE_IN_FRAMEWORK_HEADER = YES;
				CLANG_WARN_RANGE_LOOP_ANALYSIS = YES;
				CLANG_WARN_STRICT_PROTOTYPES = YES;
				CLANG_WARN_SUSPICIOUS_MOVE = YES;
				CLANG_WARN_UNGUARDED_AVAILABILITY = YES_AGGRESSIVE;
				CLANG_WARN_UNREACHABLE_CODE = YES;
				CLANG_WARN__DUPLICATE_METHOD_MATCH = YES;
				COPY_PHASE_STRIP = NO;
				DEBUG_INFORMATION_FORMAT = dwarf;
				ENABLE_STRICT_OBJC_MSGSEND = YES;
				ENABLE_TESTABILITY = YES;
				ENABLE_USER_SCRIPT_SANDBOXING = YES;
				GCC_C_LANGUAGE_STANDARD = gnu17;
				GCC_DYNAMIC_NO_PIC = NO;
				GCC_NO_COMMON_BLOCKS = YES;
				GCC_OPTIMIZATION_LEVEL = 0;
				GCC_PREPROCESSOR_DEFINITIONS = (
					"DEBUG=1",
					"$(inherited)",
				);
				GCC_WARN_64_TO_32_BIT_CONVERSION = YES;
				GCC_WARN_ABOUT_RETURN_TYPE = YES_ERROR;
				GCC_WARN_UNDECLARED_SELECTOR = YES;
				GCC_WARN_UNINITIALIZED_AUTOS = YES_AGGRESSIVE;
				GCC_WARN_UNUSED_FUNCTION = YES;
				GCC_WARN_UNUSED_VARIABLE = YES;
				IPHONEOS_DEPLOYMENT_TARGET = 17.2;
				LOCALIZATION_PREFERS_STRING_CATALOGS = YES;
				MTL_ENABLE_DEBUG_INFO = INCLUDE_SOURCE;
				MTL_FAST_MATH = YES;
				ONLY_ACTIVE_ARCH = YES;
				SDKROOT = iphoneos;
				SWIFT_ACTIVE_COMPILATION_CONDITIONS = "DEBUG $(inherited)";
				SWIFT_OPTIMIZATION_LEVEL = "-Onone";
			};
			name = Debug;
		};
		9CA235F22B4CD6A900C641C2 /* Release */ = {
			isa = XCBuildConfiguration;
			buildSettings = {
				ALWAYS_SEARCH_USER_PATHS = NO;
				ASSETCATALOG_COMPILER_GENERATE_SWIFT_ASSET_SYMBOL_EXTENSIONS = YES;
				CLANG_ANALYZER_NONNULL = YES;
				CLANG_ANALYZER_NUMBER_OBJECT_CONVERSION = YES_AGGRESSIVE;
				CLANG_CXX_LANGUAGE_STANDARD = "gnu++20";
				CLANG_ENABLE_MODULES = YES;
				CLANG_ENABLE_OBJC_ARC = YES;
				CLANG_ENABLE_OBJC_WEAK = YES;
				CLANG_WARN_BLOCK_CAPTURE_AUTORELEASING = YES;
				CLANG_WARN_BOOL_CONVERSION = YES;
				CLANG_WARN_COMMA = YES;
				CLANG_WARN_CONSTANT_CONVERSION = YES;
				CLANG_WARN_DEPRECATED_OBJC_IMPLEMENTATIONS = YES;
				CLANG_WARN_DIRECT_OBJC_ISA_USAGE = YES_ERROR;
				CLANG_WARN_DOCUMENTATION_COMMENTS = YES;
				CLANG_WARN_EMPTY_BODY = YES;
				CLANG_WARN_ENUM_CONVERSION = YES;
				CLANG_WARN_INFINITE_RECURSION = YES;
				CLANG_WARN_INT_CONVERSION = YES;
				CLANG_WARN_NON_LITERAL_NULL_CONVERSION = YES;
				CLANG_WARN_OBJC_IMPLICIT_RETAIN_SELF = YES;
				CLANG_WARN_OBJC_LITERAL_CONVERSION = YES;
				CLANG_WARN_OBJC_ROOT_CLASS = YES_ERROR;
				CLANG_WARN_QUOTED_INCLUDE_IN_FRAMEWORK_HEADER = YES;
				CLANG_WARN_RANGE_LOOP_ANALYSIS = YES;
				CLANG_WARN_STRICT_PROTOTYPES = YES;
				CLANG_WARN_SUSPICIOUS_MOVE = YES;
				CLANG_WARN_UNGUARDED_AVAILABILITY = YES_AGGRESSIVE;
				CLANG_WARN_UNREACHABLE_CODE = YES;
				CLANG_WARN__DUPLICATE_METHOD_MATCH = YES;
				COPY_PHASE_STRIP = NO;
				DEBUG_INFORMATION_FORMAT = "dwarf-with-dsym";
				ENABLE_NS_ASSERTIONS = NO;
				ENABLE_STRICT_OBJC_MSGSEND = YES;
				ENABLE_USER_SCRIPT_SANDBOXING = YES;
				GCC_C_LANGUAGE_STANDARD = gnu17;
				GCC_NO_COMMON_BLOCKS = YES;
				GCC_WARN_64_TO_32_BIT_CONVERSION = YES;
				GCC_WARN_ABOUT_RETURN_TYPE = YES_ERROR;
				GCC_WARN_UNDECLARED_SELECTOR = YES;
				GCC_WARN_UNINITIALIZED_AUTOS = YES_AGGRESSIVE;
				GCC_WARN_UNUSED_FUNCTION = YES;
				GCC_WARN_UNUSED_VARIABLE = YES;
				IPHONEOS_DEPLOYMENT_TARGET = 17.2;
				LOCALIZATION_PREFERS_STRING_CATALOGS = YES;
				MTL_ENABLE_DEBUG_INFO = NO;
				MTL_FAST_MATH = YES;
				SDKROOT = iphoneos;
				SWIFT_COMPILATION_MODE = wholemodule;
				VALIDATE_PRODUCT = YES;
			};
			name = Release;
		};
		9CA235F42B4CD6A900C641C2 /* Debug */ = {
			isa = XCBuildConfiguration;
			buildSettings = {
				ASSETCATALOG_COMPILER_APPICON_NAME = AppIcon;
				ASSETCATALOG_COMPILER_GLOBAL_ACCENT_COLOR_NAME = AccentColor;
				CODE_SIGN_STYLE = Automatic;
				CURRENT_PROJECT_VERSION = 1;
				DEVELOPMENT_ASSET_PATHS = "\"NewNotes/Preview Content\"";
				ENABLE_PREVIEWS = YES;
				GENERATE_INFOPLIST_FILE = YES;
				INFOPLIST_KEY_UIApplicationSceneManifest_Generation = YES;
				INFOPLIST_KEY_UIApplicationSupportsIndirectInputEvents = YES;
				INFOPLIST_KEY_UILaunchScreen_Generation = YES;
				INFOPLIST_KEY_UISupportedInterfaceOrientations_iPad = "UIInterfaceOrientationPortrait UIInterfaceOrientationPortraitUpsideDown UIInterfaceOrientationLandscapeLeft UIInterfaceOrientationLandscapeRight";
				INFOPLIST_KEY_UISupportedInterfaceOrientations_iPhone = "UIInterfaceOrientationPortrait UIInterfaceOrientationLandscapeLeft UIInterfaceOrientationLandscapeRight";
				LD_RUNPATH_SEARCH_PATHS = (
					"$(inherited)",
					"@executable_path/Frameworks",
				);
				MARKETING_VERSION = 1.0;
				PRODUCT_BUNDLE_IDENTIFIER = com.atu.NewNotes;
				PRODUCT_NAME = "$(TARGET_NAME)";
				SWIFT_EMIT_LOC_STRINGS = YES;
				SWIFT_VERSION = 5.0;
				TARGETED_DEVICE_FAMILY = "1,2";
			};
			name = Debug;
		};
		9CA235F52B4CD6A900C641C2 /* Release */ = {
			isa = XCBuildConfiguration;
			buildSettings = {
				ASSETCATALOG_COMPILER_APPICON_NAME = AppIcon;
				ASSETCATALOG_COMPILER_GLOBAL_ACCENT_COLOR_NAME = AccentColor;
				CODE_SIGN_STYLE = Automatic;
				CURRENT_PROJECT_VERSION = 1;
				DEVELOPMENT_ASSET_PATHS = "\"NewNotes/Preview Content\"";
				ENABLE_PREVIEWS = YES;
				GENERATE_INFOPLIST_FILE = YES;
				INFOPLIST_KEY_UIApplicationSceneManifest_Generation = YES;
				INFOPLIST_KEY_UIApplicationSupportsIndirectInputEvents = YES;
				INFOPLIST_KEY_UILaunchScreen_Generation = YES;
				INFOPLIST_KEY_UISupportedInterfaceOrientations_iPad = "UIInterfaceOrientationPortrait UIInterfaceOrientationPortraitUpsideDown UIInterfaceOrientationLandscapeLeft UIInterfaceOrientationLandscapeRight";
				INFOPLIST_KEY_UISupportedInterfaceOrientations_iPhone = "UIInterfaceOrientationPortrait UIInterfaceOrientationLandscapeLeft UIInterfaceOrientationLandscapeRight";
				LD_RUNPATH_SEARCH_PATHS = (
					"$(inherited)",
					"@executable_path/Frameworks",
				);
				MARKETING_VERSION = 1.0;
				PRODUCT_BUNDLE_IDENTIFIER = com.atu.NewNotes;
				PRODUCT_NAME = "$(TARGET_NAME)";
				SWIFT_EMIT_LOC_STRINGS = YES;
				SWIFT_VERSION = 5.0;
				TARGETED_DEVICE_FAMILY = "1,2";
			};
			name = Release;
		};
		9CA235F72B4CD6A900C641C2 /* Debug */ = {
			isa = XCBuildConfiguration;
			buildSettings = {
				ALWAYS_EMBED_SWIFT_STANDARD_LIBRARIES = YES;
				BUNDLE_LOADER = "$(TEST_HOST)";
				CODE_SIGN_STYLE = Automatic;
				CURRENT_PROJECT_VERSION = 1;
				GENERATE_INFOPLIST_FILE = YES;
				IPHONEOS_DEPLOYMENT_TARGET = 17.2;
				MARKETING_VERSION = 1.0;
				PRODUCT_BUNDLE_IDENTIFIER = com.atu.NewNotesTests;
				PRODUCT_NAME = "$(TARGET_NAME)";
				SWIFT_EMIT_LOC_STRINGS = NO;
				SWIFT_VERSION = 5.0;
				TARGETED_DEVICE_FAMILY = "1,2";
				TEST_HOST = "$(BUILT_PRODUCTS_DIR)/NewNotes.app/$(BUNDLE_EXECUTABLE_FOLDER_PATH)/NewNotes";
			};
			name = Debug;
		};
		9CA235F82B4CD6A900C641C2 /* Release */ = {
			isa = XCBuildConfiguration;
			buildSettings = {
				ALWAYS_EMBED_SWIFT_STANDARD_LIBRARIES = YES;
				BUNDLE_LOADER = "$(TEST_HOST)";
				CODE_SIGN_STYLE = Automatic;
				CURRENT_PROJECT_VERSION = 1;
				GENERATE_INFOPLIST_FILE = YES;
				IPHONEOS_DEPLOYMENT_TARGET = 17.2;
				MARKETING_VERSION = 1.0;
				PRODUCT_BUNDLE_IDENTIFIER = com.atu.NewNotesTests;
				PRODUCT_NAME = "$(TARGET_NAME)";
				SWIFT_EMIT_LOC_STRINGS = NO;
				SWIFT_VERSION = 5.0;
				TARGETED_DEVICE_FAMILY = "1,2";
				TEST_HOST = "$(BUILT_PRODUCTS_DIR)/NewNotes.app/$(BUNDLE_EXECUTABLE_FOLDER_PATH)/NewNotes";
			};
			name = Release;
		};
		9CA235FA2B4CD6A900C641C2 /* Debug */ = {
			isa = XCBuildConfiguration;
			buildSettings = {
				ALWAYS_EMBED_SWIFT_STANDARD_LIBRARIES = YES;
				CODE_SIGN_STYLE = Automatic;
				CURRENT_PROJECT_VERSION = 1;
				GENERATE_INFOPLIST_FILE = YES;
				MARKETING_VERSION = 1.0;
				PRODUCT_BUNDLE_IDENTIFIER = com.atu.NewNotesUITests;
				PRODUCT_NAME = "$(TARGET_NAME)";
				SWIFT_EMIT_LOC_STRINGS = NO;
				SWIFT_VERSION = 5.0;
				TARGETED_DEVICE_FAMILY = "1,2";
				TEST_TARGET_NAME = NewNotes;
			};
			name = Debug;
		};
		9CA235FB2B4CD6A900C641C2 /* Release */ = {
			isa = XCBuildConfiguration;
			buildSettings = {
				ALWAYS_EMBED_SWIFT_STANDARD_LIBRARIES = YES;
				CODE_SIGN_STYLE = Automatic;
				CURRENT_PROJECT_VERSION = 1;
				GENERATE_INFOPLIST_FILE = YES;
				MARKETING_VERSION = 1.0;
				PRODUCT_BUNDLE_IDENTIFIER = com.atu.NewNotesUITests;
				PRODUCT_NAME = "$(TARGET_NAME)";
				SWIFT_EMIT_LOC_STRINGS = NO;
				SWIFT_VERSION = 5.0;
				TARGETED_DEVICE_FAMILY = "1,2";
				TEST_TARGET_NAME = NewNotes;
			};
			name = Release;
		};
/* End XCBuildConfiguration section */

/* Begin XCConfigurationList section */
		9CA235CA2B4CD6A800C641C2 /* Build configuration list for PBXProject "NewNotes" */ = {
			isa = XCConfigurationList;
			buildConfigurations = (
				9CA235F12B4CD6A900C641C2 /* Debug */,
				9CA235F22B4CD6A900C641C2 /* Release */,
			);
			defaultConfigurationIsVisible = 0;
			defaultConfigurationName = Release;
		};
		9CA235F32B4CD6A900C641C2 /* Build configuration list for PBXNativeTarget "NewNotes" */ = {
			isa = XCConfigurationList;
			buildConfigurations = (
				9CA235F42B4CD6A900C641C2 /* Debug */,
				9CA235F52B4CD6A900C641C2 /* Release */,
			);
			defaultConfigurationIsVisible = 0;
			defaultConfigurationName = Release;
		};
		9CA235F62B4CD6A900C641C2 /* Build configuration list for PBXNativeTarget "NewNotesTests" */ = {
			isa = XCConfigurationList;
			buildConfigurations = (
				9CA235F72B4CD6A900C641C2 /* Debug */,
				9CA235F82B4CD6A900C641C2 /* Release */,
			);
			defaultConfigurationIsVisible = 0;
			defaultConfigurationName = Release;
		};
		9CA235F92B4CD6A900C641C2 /* Build configuration list for PBXNativeTarget "NewNotesUITests" */ = {
			isa = XCConfigurationList;
			buildConfigurations = (
				9CA235FA2B4CD6A900C641C2 /* Debug */,
				9CA235FB2B4CD6A900C641C2 /* Release */,
			);
			defaultConfigurationIsVisible = 0;
			defaultConfigurationName = Release;
		};
/* End XCConfigurationList section */
	};
	rootObject = 9CA235C72B4CD6A800C641C2 /* Project object */;
}
